
Microsoft Visual Studio Solution File, Format Version 12.00
# Visual Studio Version 16
VisualStudioVersion = 16.0.31624.102
MinimumVisualStudioVersion = 10.0.40219.1
Project("{8BC9CEB8-8B4A-11D0-8D11-00A0C91BC942}") = "LeisDeMorgan5_22", "LeisDeMorgan5_22\LeisDeMorgan5_22.vcxproj", "{7BBC1C62-667F-4EB5-AE81-F1F0ED11A8CE}"
EndProject
Global
	GlobalSection(SolutionConfigurationPlatforms) = preSolution
		Debug|x64 = Debug|x64
		Debug|x86 = Debug|x86
		Release|x64 = Release|x64
		Release|x86 = Release|x86
	EndGlobalSection
	GlobalSection(ProjectConfigurationPlatforms) = postSolution
		{7BBC1C62-667F-4EB5-AE81-F1F0ED11A8CE}.Debug|x64.ActiveCfg = Debug|x64
		{7BBC1C62-667F-4EB5-AE81-F1F0ED11A8CE}.Debug|x64.Build.0 = Debug|x64
		{7BBC1C62-667F-4EB5-AE81-F1F0ED11A8CE}.Debug|x86.ActiveCfg = Debug|Win32
		{7BBC1C62-667F-4EB5-AE81-F1F0ED11A8CE}.Debug|x86.Build.0 = Debug|Win32
		{7BBC1C62-667F-4EB5-AE81-F1F0ED11A8CE}.Release|x64.ActiveCfg = Release|x64
		{7BBC1C62-667F-4EB5-AE81-F1F0ED11A8CE}.Release|x64.Build.0 = Release|x64
		{7BBC1C62-667F-4EB5-AE81-F1F0ED11A8CE}.Release|x86.ActiveCfg = Release|Win32
		{7BBC1C62-667F-4EB5-AE81-F1F0ED11A8CE}.Release|x86.Build.0 = Release|Win32
	EndGlobalSection
	GlobalSection(SolutionProperties) = preSolution
		HideSolutionNode = FALSE
	EndGlobalSection
	GlobalSection(ExtensibilityGlobals) = postSolution
		SolutionGuid = {5255DEC8-80FD-454E-9238-05BA605291C8}
	EndGlobalSection
EndGlobal
